
Microsoft Visual Studio Solution File, Format Version 12.00
# Visual Studio 15
VisualStudioVersion = 15.0.28010.2048
MinimumVisualStudioVersion = 10.0.40219.1
Project("{2150E333-8FDC-42A3-9474-1A3956D46DE8}") = "Data", "Data", "{6DF2D04E-B9A6-40C9-8222-00F11D59B099}"
EndProject
Project("{9A19103F-16F7-4668-BE54-9A1E7A4F7556}") = "HBData", "HBData\HBData.csproj", "{1BF2A68A-EB32-44B7-B7CC-B85A70DE1691}"
EndProject
Project("{9A19103F-16F7-4668-BE54-9A1E7A4F7556}") = "UserService", "UserService\UserService.csproj", "{282BF88A-DB33-4225-954E-FFB3B8DAA371}"
EndProject
Project("{2150E333-8FDC-42A3-9474-1A3956D46DE8}") = "Services", "Services", "{F9312081-26B8-4651-ABC9-A32914105EBA}"
EndProject
Project("{2150E333-8FDC-42A3-9474-1A3956D46DE8}") = "Utilities", "Utilities", "{A8F9D74E-7957-4D0A-BEEF-8120988D2F9D}"
EndProject
Project("{9A19103F-16F7-4668-BE54-9A1E7A4F7556}") = "CognitiveService", "CognitiveService\CognitiveService.csproj", "{7A1C9BA4-E858-4554-A463-05CA16FECEDB}"
EndProject
Project("{9A19103F-16F7-4668-BE54-9A1E7A4F7556}") = "FrameFromVideoService", "FrameFromVideoService\FrameFromVideoService.csproj", "{62E8B94B-AAD3-4791-8EFA-FC479D463818}"
EndProject
Project("{9A19103F-16F7-4668-BE54-9A1E7A4F7556}") = "OperationService", "OperationService\OperationService.csproj", "{6E8AB7BA-6E61-4A5E-8248-521502648893}"
EndProject
Project("{2150E333-8FDC-42A3-9474-1A3956D46DE8}") = "PubSub", "PubSub", "{5ACD64F0-851F-4971-A6F7-0B51DB7429E1}"
EndProject
Project("{9A19103F-16F7-4668-BE54-9A1E7A4F7556}") = "HBLib", "HBLib\HBLib.csproj", "{4C37D16D-A62A-4BDC-BFFA-C8F0B12E0C62}"
EndProject
Project("{9A19103F-16F7-4668-BE54-9A1E7A4F7556}") = "Configurations", "Configurations\Configurations.csproj", "{75263CAD-7296-4DE9-B94B-173E345BDAF5}"
EndProject
Project("{9A19103F-16F7-4668-BE54-9A1E7A4F7556}") = "Notifications", "Notifications\Notifications.csproj", "{F6A95B43-06CB-4075-A03F-B1AA48999853}"
EndProject
Project("{9A19103F-16F7-4668-BE54-9A1E7A4F7556}") = "RabbitMqEventBus", "RabbitMqEventBus\RabbitMqEventBus.csproj", "{32785144-D258-46F8-AF5D-FCD1745AB5B2}"
EndProject
Project("{2150E333-8FDC-42A3-9474-1A3956D46DE8}") = "Build", "Build", "{57FF1498-9934-4664-B888-F24989B01059}"
	ProjectSection(SolutionItems) = preProject
		CognitiveService.Dockerfile = CognitiveService.Dockerfile
		FrameFromVideoService.Dockerfile = FrameFromVideoService.Dockerfile
		OperationService.Dockerfile = OperationService.Dockerfile
		UserService.Dockerfile = UserService.Dockerfile
	EndProjectSection
EndProject
Project("{9A19103F-16F7-4668-BE54-9A1E7A4F7556}") = "FaceAnalyzeService", "FaceAnalyzeService\FaceAnalyzeService.csproj", "{0888758E-FA1C-4B3F-AFAF-A8B85454E6E2}"
EndProject
Project("{FAE04EC0-301F-11D3-BF4B-00C04F79EFBC}") = "HBMLHttpClient", "HBMLHttpClient\HBMLHttpClient.csproj", "{05E56164-B33F-4D24-83F1-DEB5C1BEE833}"
EndProject
Global
	GlobalSection(SolutionConfigurationPlatforms) = preSolution
		Debug|Any CPU = Debug|Any CPU
		Release|Any CPU = Release|Any CPU
	EndGlobalSection
	GlobalSection(ProjectConfigurationPlatforms) = postSolution
		{1BF2A68A-EB32-44B7-B7CC-B85A70DE1691}.Debug|Any CPU.ActiveCfg = Debug|Any CPU
		{1BF2A68A-EB32-44B7-B7CC-B85A70DE1691}.Debug|Any CPU.Build.0 = Debug|Any CPU
		{1BF2A68A-EB32-44B7-B7CC-B85A70DE1691}.Release|Any CPU.ActiveCfg = Release|Any CPU
		{1BF2A68A-EB32-44B7-B7CC-B85A70DE1691}.Release|Any CPU.Build.0 = Release|Any CPU
		{282BF88A-DB33-4225-954E-FFB3B8DAA371}.Debug|Any CPU.ActiveCfg = Debug|Any CPU
		{282BF88A-DB33-4225-954E-FFB3B8DAA371}.Debug|Any CPU.Build.0 = Debug|Any CPU
		{282BF88A-DB33-4225-954E-FFB3B8DAA371}.Release|Any CPU.ActiveCfg = Release|Any CPU
		{282BF88A-DB33-4225-954E-FFB3B8DAA371}.Release|Any CPU.Build.0 = Release|Any CPU
		{7A1C9BA4-E858-4554-A463-05CA16FECEDB}.Debug|Any CPU.ActiveCfg = Debug|Any CPU
		{7A1C9BA4-E858-4554-A463-05CA16FECEDB}.Debug|Any CPU.Build.0 = Debug|Any CPU
		{7A1C9BA4-E858-4554-A463-05CA16FECEDB}.Release|Any CPU.ActiveCfg = Release|Any CPU
		{7A1C9BA4-E858-4554-A463-05CA16FECEDB}.Release|Any CPU.Build.0 = Release|Any CPU
		{62E8B94B-AAD3-4791-8EFA-FC479D463818}.Debug|Any CPU.ActiveCfg = Debug|Any CPU
		{62E8B94B-AAD3-4791-8EFA-FC479D463818}.Debug|Any CPU.Build.0 = Debug|Any CPU
		{62E8B94B-AAD3-4791-8EFA-FC479D463818}.Release|Any CPU.ActiveCfg = Release|Any CPU
		{62E8B94B-AAD3-4791-8EFA-FC479D463818}.Release|Any CPU.Build.0 = Release|Any CPU
		{6E8AB7BA-6E61-4A5E-8248-521502648893}.Debug|Any CPU.ActiveCfg = Debug|Any CPU
		{6E8AB7BA-6E61-4A5E-8248-521502648893}.Debug|Any CPU.Build.0 = Debug|Any CPU
		{6E8AB7BA-6E61-4A5E-8248-521502648893}.Release|Any CPU.ActiveCfg = Release|Any CPU
		{6E8AB7BA-6E61-4A5E-8248-521502648893}.Release|Any CPU.Build.0 = Release|Any CPU
		{4C37D16D-A62A-4BDC-BFFA-C8F0B12E0C62}.Debug|Any CPU.ActiveCfg = Debug|Any CPU
		{4C37D16D-A62A-4BDC-BFFA-C8F0B12E0C62}.Debug|Any CPU.Build.0 = Debug|Any CPU
		{4C37D16D-A62A-4BDC-BFFA-C8F0B12E0C62}.Release|Any CPU.ActiveCfg = Release|Any CPU
		{4C37D16D-A62A-4BDC-BFFA-C8F0B12E0C62}.Release|Any CPU.Build.0 = Release|Any CPU
		{75263CAD-7296-4DE9-B94B-173E345BDAF5}.Debug|Any CPU.ActiveCfg = Debug|Any CPU
		{75263CAD-7296-4DE9-B94B-173E345BDAF5}.Debug|Any CPU.Build.0 = Debug|Any CPU
		{75263CAD-7296-4DE9-B94B-173E345BDAF5}.Release|Any CPU.ActiveCfg = Release|Any CPU
		{75263CAD-7296-4DE9-B94B-173E345BDAF5}.Release|Any CPU.Build.0 = Release|Any CPU
		{F6A95B43-06CB-4075-A03F-B1AA48999853}.Debug|Any CPU.ActiveCfg = Debug|Any CPU
		{F6A95B43-06CB-4075-A03F-B1AA48999853}.Debug|Any CPU.Build.0 = Debug|Any CPU
		{F6A95B43-06CB-4075-A03F-B1AA48999853}.Release|Any CPU.ActiveCfg = Release|Any CPU
		{F6A95B43-06CB-4075-A03F-B1AA48999853}.Release|Any CPU.Build.0 = Release|Any CPU
		{32785144-D258-46F8-AF5D-FCD1745AB5B2}.Debug|Any CPU.ActiveCfg = Debug|Any CPU
		{32785144-D258-46F8-AF5D-FCD1745AB5B2}.Debug|Any CPU.Build.0 = Debug|Any CPU
		{32785144-D258-46F8-AF5D-FCD1745AB5B2}.Release|Any CPU.ActiveCfg = Release|Any CPU
		{32785144-D258-46F8-AF5D-FCD1745AB5B2}.Release|Any CPU.Build.0 = Release|Any CPU
		{0888758E-FA1C-4B3F-AFAF-A8B85454E6E2}.Debug|Any CPU.ActiveCfg = Debug|Any CPU
		{0888758E-FA1C-4B3F-AFAF-A8B85454E6E2}.Debug|Any CPU.Build.0 = Debug|Any CPU
		{0888758E-FA1C-4B3F-AFAF-A8B85454E6E2}.Release|Any CPU.ActiveCfg = Release|Any CPU
		{0888758E-FA1C-4B3F-AFAF-A8B85454E6E2}.Release|Any CPU.Build.0 = Release|Any CPU
		{05E56164-B33F-4D24-83F1-DEB5C1BEE833}.Debug|Any CPU.ActiveCfg = Debug|Any CPU
		{05E56164-B33F-4D24-83F1-DEB5C1BEE833}.Debug|Any CPU.Build.0 = Debug|Any CPU
		{05E56164-B33F-4D24-83F1-DEB5C1BEE833}.Release|Any CPU.ActiveCfg = Release|Any CPU
		{05E56164-B33F-4D24-83F1-DEB5C1BEE833}.Release|Any CPU.Build.0 = Release|Any CPU
	EndGlobalSection
	GlobalSection(SolutionProperties) = preSolution
		HideSolutionNode = FALSE
	EndGlobalSection
	GlobalSection(NestedProjects) = preSolution
		{1BF2A68A-EB32-44B7-B7CC-B85A70DE1691} = {6DF2D04E-B9A6-40C9-8222-00F11D59B099}
		{282BF88A-DB33-4225-954E-FFB3B8DAA371} = {F9312081-26B8-4651-ABC9-A32914105EBA}
		{7A1C9BA4-E858-4554-A463-05CA16FECEDB} = {F9312081-26B8-4651-ABC9-A32914105EBA}
		{62E8B94B-AAD3-4791-8EFA-FC479D463818} = {F9312081-26B8-4651-ABC9-A32914105EBA}
		{6E8AB7BA-6E61-4A5E-8248-521502648893} = {F9312081-26B8-4651-ABC9-A32914105EBA}
		{4C37D16D-A62A-4BDC-BFFA-C8F0B12E0C62} = {A8F9D74E-7957-4D0A-BEEF-8120988D2F9D}
		{75263CAD-7296-4DE9-B94B-173E345BDAF5} = {5ACD64F0-851F-4971-A6F7-0B51DB7429E1}
		{F6A95B43-06CB-4075-A03F-B1AA48999853} = {5ACD64F0-851F-4971-A6F7-0B51DB7429E1}
		{32785144-D258-46F8-AF5D-FCD1745AB5B2} = {5ACD64F0-851F-4971-A6F7-0B51DB7429E1}
		{0888758E-FA1C-4B3F-AFAF-A8B85454E6E2} = {F9312081-26B8-4651-ABC9-A32914105EBA}
		{05E56164-B33F-4D24-83F1-DEB5C1BEE833} = {A8F9D74E-7957-4D0A-BEEF-8120988D2F9D}
	EndGlobalSection
	GlobalSection(ExtensibilityGlobals) = postSolution
		SolutionGuid = {B4AC1F4A-C1FC-4A51-8AA5-82BB922D27C7}
	EndGlobalSection
EndGlobal
