
Microsoft Visual Studio Solution File, Format Version 12.00
# Visual Studio 15
VisualStudioVersion = 15.0.28010.2048
MinimumVisualStudioVersion = 10.0.40219.1
Project("{2150E333-8FDC-42A3-9474-1A3956D46DE8}") = "Data", "Data", "{6DF2D04E-B9A6-40C9-8222-00F11D59B099}"
EndProject
Project("{9A19103F-16F7-4668-BE54-9A1E7A4F7556}") = "HBData", "..\HBData\HBData.csproj", "{1BF2A68A-EB32-44B7-B7CC-B85A70DE1691}"
EndProject
Project("{9A19103F-16F7-4668-BE54-9A1E7A4F7556}") = "UserService", "UserService\UserService.csproj", "{282BF88A-DB33-4225-954E-FFB3B8DAA371}"
EndProject
Project("{2150E333-8FDC-42A3-9474-1A3956D46DE8}") = "Services", "Services", "{F9312081-26B8-4651-ABC9-A32914105EBA}"
EndProject
Project("{2150E333-8FDC-42A3-9474-1A3956D46DE8}") = "Utilities", "Utilities", "{A8F9D74E-7957-4D0A-BEEF-8120988D2F9D}"
EndProject
Project("{2150E333-8FDC-42A3-9474-1A3956D46DE8}") = "PubSub", "PubSub", "{5ACD64F0-851F-4971-A6F7-0B51DB7429E1}"
EndProject
Project("{9A19103F-16F7-4668-BE54-9A1E7A4F7556}") = "HBLib", "..\HBLib\HBLib.csproj", "{4C37D16D-A62A-4BDC-BFFA-C8F0B12E0C62}"
EndProject
Project("{9A19103F-16F7-4668-BE54-9A1E7A4F7556}") = "Configurations", "Configurations\Configurations.csproj", "{75263CAD-7296-4DE9-B94B-173E345BDAF5}"
EndProject
Project("{9A19103F-16F7-4668-BE54-9A1E7A4F7556}") = "Notifications", "Notifications\Notifications.csproj", "{F6A95B43-06CB-4075-A03F-B1AA48999853}"
EndProject
Project("{9A19103F-16F7-4668-BE54-9A1E7A4F7556}") = "RabbitMqEventBus", "RabbitMqEventBus\RabbitMqEventBus.csproj", "{32785144-D258-46F8-AF5D-FCD1745AB5B2}"
EndProject
Project("{2150E333-8FDC-42A3-9474-1A3956D46DE8}") = "Build", "Build", "{57FF1498-9934-4664-B888-F24989B01059}"
	ProjectSection(SolutionItems) = preProject
		AudioAnalyzeScheduler.Dockerfile = AudioAnalyzeScheduler.Dockerfile
		AudioAnalyzeService.Dockerfile = AudioAnalyzeService.Dockerfile
		build.sh = build.sh
		DialogueStatusCheckerScheduler.Dockerfile = DialogueStatusCheckerScheduler.Dockerfile
		DialogueVideoMergeService.Dockerfile = DialogueVideoMergeService.Dockerfile
		ExtractFramesFromVideoService.Dockerfile = ExtractFramesFromVideoService.Dockerfile
		FaceAnalyzeService.Dockerfile = FaceAnalyzeService.Dockerfile
		FillingFrameService.Dockerfile = FillingFrameService.Dockerfile
		FillingHintService.Dockerfile = FillingHintService.Dockerfile
		FillingSatisfactionService.Dockerfile = FillingSatisfactionService.Dockerfile
		UserService.Dockerfile = UserService.Dockerfile
		VideoToSoundService.Dockerfile = VideoToSoundService.Dockerfile
	EndProjectSection
EndProject
Project("{9A19103F-16F7-4668-BE54-9A1E7A4F7556}") = "FaceAnalyzeService", "FaceAnalyzeService\FaceAnalyzeService.csproj", "{0888758E-FA1C-4B3F-AFAF-A8B85454E6E2}"
EndProject
Project("{9A19103F-16F7-4668-BE54-9A1E7A4F7556}") = "HBMLHttpClient", "..\HBML\HBMLHttpClient\HBMLHttpClient.csproj", "{05E56164-B33F-4D24-83F1-DEB5C1BEE833}"
EndProject
Project("{9A19103F-16F7-4668-BE54-9A1E7A4F7556}") = "ExtractFramesFromVideoService", "ExtractFramesFromVideoService\ExtractFramesFromVideoService.csproj", "{49F4B32D-062D-4D6E-9805-D6EB718661CA}"
EndProject
Project("{9A19103F-16F7-4668-BE54-9A1E7A4F7556}") = "FillingFrameService", "FillingFrameService\FillingFrameService.csproj", "{97751B12-896F-460F-B573-D5F45D739DAE}"
EndProject
Project("{9A19103F-16F7-4668-BE54-9A1E7A4F7556}") = "AudioAnalyzeService", "AudioAnalyzeService\AudioAnalyzeService.csproj", "{6C3A55AE-FCA5-4060-AA1C-3FA70CD70594}"
EndProject
Project("{2150E333-8FDC-42A3-9474-1A3956D46DE8}") = "Schedulers", "Schedulers", "{66602303-8E1D-459C-AE59-57E1C8B6AC1A}"
EndProject
Project("{9A19103F-16F7-4668-BE54-9A1E7A4F7556}") = "AudioAnalyzeScheduler", "AudioAnalyzeScheduler\AudioAnalyzeScheduler.csproj", "{724689EC-A52B-4A41-B7CE-16B82DBC9898}"
EndProject
Project("{9A19103F-16F7-4668-BE54-9A1E7A4F7556}") = "QuartzExtensions", "QuartzExtensions\QuartzExtensions.csproj", "{1B4C1E5E-9725-4A12-9487-17A6C8025911}"
EndProject
Project("{9A19103F-16F7-4668-BE54-9A1E7A4F7556}") = "DialogueStatusCheckerScheduler", "DialogueStatusCheckerScheduler\DialogueStatusCheckerScheduler.csproj", "{F95DC1FC-0176-4051-B55E-BB28DF8C7978}"
EndProject
Project("{9A19103F-16F7-4668-BE54-9A1E7A4F7556}") = "VideoToSoundService", "VideoToSoundService\VideoToSoundService.csproj", "{B8596FA7-2E7C-46AC-B4FA-108BFBAFE461}"
EndProject
Project("{9A19103F-16F7-4668-BE54-9A1E7A4F7556}") = "DialogueVideoMergeService", "DialogueVideoMergeService\DialogueVideoMergeService.csproj", "{858AD51F-9087-4407-98D6-9937D354C070}"
EndProject
Project("{9A19103F-16F7-4668-BE54-9A1E7A4F7556}") = "FillingHintService", "FillingHintService\FillingHintService.csproj", "{7BA2E9ED-5AC4-4F32-BEB6-E9A9857E1148}"
EndProject
Project("{9A19103F-16F7-4668-BE54-9A1E7A4F7556}") = "FillingSatisfactionService", "FillingSatisfactionService\FillingSatisfactionService.csproj", "{12E5B74B-9957-427C-9283-BBD45B1B890E}"
EndProject
Project("{FAE04EC0-301F-11D3-BF4B-00C04F79EFBC}") = "AsrHttpClient", "AsrHttpClient\AsrHttpClient.csproj", "{119B961F-2236-4BD2-820A-B9917D797FF3}"
EndProject
Project("{FAE04EC0-301F-11D3-BF4B-00C04F79EFBC}") = "NotMarckedImageSheduler", "NotMarckedImageSheduler\NotMarckedImageSheduler.csproj", "{677A2C95-00B1-4793-8C6F-75719FD84BC2}"
EndProject
Global
	GlobalSection(SolutionConfigurationPlatforms) = preSolution
		Debug|Any CPU = Debug|Any CPU
		Release|Any CPU = Release|Any CPU
	EndGlobalSection
	GlobalSection(ProjectConfigurationPlatforms) = postSolution
		{1BF2A68A-EB32-44B7-B7CC-B85A70DE1691}.Debug|Any CPU.ActiveCfg = Debug|Any CPU
		{1BF2A68A-EB32-44B7-B7CC-B85A70DE1691}.Debug|Any CPU.Build.0 = Debug|Any CPU
		{1BF2A68A-EB32-44B7-B7CC-B85A70DE1691}.Release|Any CPU.ActiveCfg = Release|Any CPU
		{1BF2A68A-EB32-44B7-B7CC-B85A70DE1691}.Release|Any CPU.Build.0 = Release|Any CPU
		{282BF88A-DB33-4225-954E-FFB3B8DAA371}.Debug|Any CPU.ActiveCfg = Debug|Any CPU
		{282BF88A-DB33-4225-954E-FFB3B8DAA371}.Debug|Any CPU.Build.0 = Debug|Any CPU
		{282BF88A-DB33-4225-954E-FFB3B8DAA371}.Release|Any CPU.ActiveCfg = Release|Any CPU
		{282BF88A-DB33-4225-954E-FFB3B8DAA371}.Release|Any CPU.Build.0 = Release|Any CPU
		{4C37D16D-A62A-4BDC-BFFA-C8F0B12E0C62}.Debug|Any CPU.ActiveCfg = Debug|Any CPU
		{4C37D16D-A62A-4BDC-BFFA-C8F0B12E0C62}.Debug|Any CPU.Build.0 = Debug|Any CPU
		{4C37D16D-A62A-4BDC-BFFA-C8F0B12E0C62}.Release|Any CPU.ActiveCfg = Release|Any CPU
		{4C37D16D-A62A-4BDC-BFFA-C8F0B12E0C62}.Release|Any CPU.Build.0 = Release|Any CPU
		{75263CAD-7296-4DE9-B94B-173E345BDAF5}.Debug|Any CPU.ActiveCfg = Debug|Any CPU
		{75263CAD-7296-4DE9-B94B-173E345BDAF5}.Debug|Any CPU.Build.0 = Debug|Any CPU
		{75263CAD-7296-4DE9-B94B-173E345BDAF5}.Release|Any CPU.ActiveCfg = Release|Any CPU
		{75263CAD-7296-4DE9-B94B-173E345BDAF5}.Release|Any CPU.Build.0 = Release|Any CPU
		{F6A95B43-06CB-4075-A03F-B1AA48999853}.Debug|Any CPU.ActiveCfg = Debug|Any CPU
		{F6A95B43-06CB-4075-A03F-B1AA48999853}.Debug|Any CPU.Build.0 = Debug|Any CPU
		{F6A95B43-06CB-4075-A03F-B1AA48999853}.Release|Any CPU.ActiveCfg = Release|Any CPU
		{F6A95B43-06CB-4075-A03F-B1AA48999853}.Release|Any CPU.Build.0 = Release|Any CPU
		{32785144-D258-46F8-AF5D-FCD1745AB5B2}.Debug|Any CPU.ActiveCfg = Debug|Any CPU
		{32785144-D258-46F8-AF5D-FCD1745AB5B2}.Debug|Any CPU.Build.0 = Debug|Any CPU
		{32785144-D258-46F8-AF5D-FCD1745AB5B2}.Release|Any CPU.ActiveCfg = Release|Any CPU
		{32785144-D258-46F8-AF5D-FCD1745AB5B2}.Release|Any CPU.Build.0 = Release|Any CPU
		{0888758E-FA1C-4B3F-AFAF-A8B85454E6E2}.Debug|Any CPU.ActiveCfg = Debug|Any CPU
		{0888758E-FA1C-4B3F-AFAF-A8B85454E6E2}.Debug|Any CPU.Build.0 = Debug|Any CPU
		{0888758E-FA1C-4B3F-AFAF-A8B85454E6E2}.Release|Any CPU.ActiveCfg = Release|Any CPU
		{0888758E-FA1C-4B3F-AFAF-A8B85454E6E2}.Release|Any CPU.Build.0 = Release|Any CPU
		{05E56164-B33F-4D24-83F1-DEB5C1BEE833}.Debug|Any CPU.ActiveCfg = Debug|Any CPU
		{05E56164-B33F-4D24-83F1-DEB5C1BEE833}.Debug|Any CPU.Build.0 = Debug|Any CPU
		{05E56164-B33F-4D24-83F1-DEB5C1BEE833}.Release|Any CPU.ActiveCfg = Release|Any CPU
		{05E56164-B33F-4D24-83F1-DEB5C1BEE833}.Release|Any CPU.Build.0 = Release|Any CPU
		{49F4B32D-062D-4D6E-9805-D6EB718661CA}.Debug|Any CPU.ActiveCfg = Debug|Any CPU
		{49F4B32D-062D-4D6E-9805-D6EB718661CA}.Debug|Any CPU.Build.0 = Debug|Any CPU
		{49F4B32D-062D-4D6E-9805-D6EB718661CA}.Release|Any CPU.ActiveCfg = Release|Any CPU
		{49F4B32D-062D-4D6E-9805-D6EB718661CA}.Release|Any CPU.Build.0 = Release|Any CPU
		{97751B12-896F-460F-B573-D5F45D739DAE}.Debug|Any CPU.ActiveCfg = Debug|Any CPU
		{97751B12-896F-460F-B573-D5F45D739DAE}.Debug|Any CPU.Build.0 = Debug|Any CPU
		{97751B12-896F-460F-B573-D5F45D739DAE}.Release|Any CPU.ActiveCfg = Release|Any CPU
		{97751B12-896F-460F-B573-D5F45D739DAE}.Release|Any CPU.Build.0 = Release|Any CPU
		{6C3A55AE-FCA5-4060-AA1C-3FA70CD70594}.Debug|Any CPU.ActiveCfg = Debug|Any CPU
		{6C3A55AE-FCA5-4060-AA1C-3FA70CD70594}.Debug|Any CPU.Build.0 = Debug|Any CPU
		{6C3A55AE-FCA5-4060-AA1C-3FA70CD70594}.Release|Any CPU.ActiveCfg = Release|Any CPU
		{6C3A55AE-FCA5-4060-AA1C-3FA70CD70594}.Release|Any CPU.Build.0 = Release|Any CPU
		{724689EC-A52B-4A41-B7CE-16B82DBC9898}.Debug|Any CPU.ActiveCfg = Debug|Any CPU
		{724689EC-A52B-4A41-B7CE-16B82DBC9898}.Debug|Any CPU.Build.0 = Debug|Any CPU
		{724689EC-A52B-4A41-B7CE-16B82DBC9898}.Release|Any CPU.ActiveCfg = Release|Any CPU
		{724689EC-A52B-4A41-B7CE-16B82DBC9898}.Release|Any CPU.Build.0 = Release|Any CPU
		{1B4C1E5E-9725-4A12-9487-17A6C8025911}.Debug|Any CPU.ActiveCfg = Debug|Any CPU
		{1B4C1E5E-9725-4A12-9487-17A6C8025911}.Debug|Any CPU.Build.0 = Debug|Any CPU
		{1B4C1E5E-9725-4A12-9487-17A6C8025911}.Release|Any CPU.ActiveCfg = Release|Any CPU
		{1B4C1E5E-9725-4A12-9487-17A6C8025911}.Release|Any CPU.Build.0 = Release|Any CPU
		{F95DC1FC-0176-4051-B55E-BB28DF8C7978}.Debug|Any CPU.ActiveCfg = Debug|Any CPU
		{F95DC1FC-0176-4051-B55E-BB28DF8C7978}.Debug|Any CPU.Build.0 = Debug|Any CPU
		{F95DC1FC-0176-4051-B55E-BB28DF8C7978}.Release|Any CPU.ActiveCfg = Release|Any CPU
		{F95DC1FC-0176-4051-B55E-BB28DF8C7978}.Release|Any CPU.Build.0 = Release|Any CPU
		{B8596FA7-2E7C-46AC-B4FA-108BFBAFE461}.Debug|Any CPU.ActiveCfg = Debug|Any CPU
		{B8596FA7-2E7C-46AC-B4FA-108BFBAFE461}.Debug|Any CPU.Build.0 = Debug|Any CPU
		{B8596FA7-2E7C-46AC-B4FA-108BFBAFE461}.Release|Any CPU.ActiveCfg = Release|Any CPU
		{B8596FA7-2E7C-46AC-B4FA-108BFBAFE461}.Release|Any CPU.Build.0 = Release|Any CPU
		{858AD51F-9087-4407-98D6-9937D354C070}.Debug|Any CPU.ActiveCfg = Debug|Any CPU
		{858AD51F-9087-4407-98D6-9937D354C070}.Debug|Any CPU.Build.0 = Debug|Any CPU
		{858AD51F-9087-4407-98D6-9937D354C070}.Release|Any CPU.ActiveCfg = Release|Any CPU
		{858AD51F-9087-4407-98D6-9937D354C070}.Release|Any CPU.Build.0 = Release|Any CPU
		{7BA2E9ED-5AC4-4F32-BEB6-E9A9857E1148}.Debug|Any CPU.ActiveCfg = Debug|Any CPU
		{7BA2E9ED-5AC4-4F32-BEB6-E9A9857E1148}.Debug|Any CPU.Build.0 = Debug|Any CPU
		{7BA2E9ED-5AC4-4F32-BEB6-E9A9857E1148}.Release|Any CPU.ActiveCfg = Release|Any CPU
		{7BA2E9ED-5AC4-4F32-BEB6-E9A9857E1148}.Release|Any CPU.Build.0 = Release|Any CPU
		{12E5B74B-9957-427C-9283-BBD45B1B890E}.Debug|Any CPU.ActiveCfg = Debug|Any CPU
		{12E5B74B-9957-427C-9283-BBD45B1B890E}.Debug|Any CPU.Build.0 = Debug|Any CPU
		{12E5B74B-9957-427C-9283-BBD45B1B890E}.Release|Any CPU.ActiveCfg = Release|Any CPU
		{12E5B74B-9957-427C-9283-BBD45B1B890E}.Release|Any CPU.Build.0 = Release|Any CPU
		{119B961F-2236-4BD2-820A-B9917D797FF3}.Debug|Any CPU.ActiveCfg = Debug|Any CPU
		{119B961F-2236-4BD2-820A-B9917D797FF3}.Debug|Any CPU.Build.0 = Debug|Any CPU
		{119B961F-2236-4BD2-820A-B9917D797FF3}.Release|Any CPU.ActiveCfg = Release|Any CPU
		{119B961F-2236-4BD2-820A-B9917D797FF3}.Release|Any CPU.Build.0 = Release|Any CPU
		{677A2C95-00B1-4793-8C6F-75719FD84BC2}.Debug|Any CPU.ActiveCfg = Debug|Any CPU
		{677A2C95-00B1-4793-8C6F-75719FD84BC2}.Debug|Any CPU.Build.0 = Debug|Any CPU
		{677A2C95-00B1-4793-8C6F-75719FD84BC2}.Release|Any CPU.ActiveCfg = Release|Any CPU
		{677A2C95-00B1-4793-8C6F-75719FD84BC2}.Release|Any CPU.Build.0 = Release|Any CPU
	EndGlobalSection
	GlobalSection(SolutionProperties) = preSolution
		HideSolutionNode = FALSE
	EndGlobalSection
	GlobalSection(NestedProjects) = preSolution
		{1BF2A68A-EB32-44B7-B7CC-B85A70DE1691} = {6DF2D04E-B9A6-40C9-8222-00F11D59B099}
		{282BF88A-DB33-4225-954E-FFB3B8DAA371} = {F9312081-26B8-4651-ABC9-A32914105EBA}
		{4C37D16D-A62A-4BDC-BFFA-C8F0B12E0C62} = {A8F9D74E-7957-4D0A-BEEF-8120988D2F9D}
		{75263CAD-7296-4DE9-B94B-173E345BDAF5} = {5ACD64F0-851F-4971-A6F7-0B51DB7429E1}
		{F6A95B43-06CB-4075-A03F-B1AA48999853} = {5ACD64F0-851F-4971-A6F7-0B51DB7429E1}
		{32785144-D258-46F8-AF5D-FCD1745AB5B2} = {5ACD64F0-851F-4971-A6F7-0B51DB7429E1}
		{0888758E-FA1C-4B3F-AFAF-A8B85454E6E2} = {F9312081-26B8-4651-ABC9-A32914105EBA}
		{05E56164-B33F-4D24-83F1-DEB5C1BEE833} = {A8F9D74E-7957-4D0A-BEEF-8120988D2F9D}
		{49F4B32D-062D-4D6E-9805-D6EB718661CA} = {F9312081-26B8-4651-ABC9-A32914105EBA}
		{97751B12-896F-460F-B573-D5F45D739DAE} = {F9312081-26B8-4651-ABC9-A32914105EBA}
		{6C3A55AE-FCA5-4060-AA1C-3FA70CD70594} = {F9312081-26B8-4651-ABC9-A32914105EBA}
		{724689EC-A52B-4A41-B7CE-16B82DBC9898} = {66602303-8E1D-459C-AE59-57E1C8B6AC1A}
		{1B4C1E5E-9725-4A12-9487-17A6C8025911} = {A8F9D74E-7957-4D0A-BEEF-8120988D2F9D}
		{F95DC1FC-0176-4051-B55E-BB28DF8C7978} = {66602303-8E1D-459C-AE59-57E1C8B6AC1A}
		{B8596FA7-2E7C-46AC-B4FA-108BFBAFE461} = {F9312081-26B8-4651-ABC9-A32914105EBA}
		{858AD51F-9087-4407-98D6-9937D354C070} = {F9312081-26B8-4651-ABC9-A32914105EBA}
		{7BA2E9ED-5AC4-4F32-BEB6-E9A9857E1148} = {F9312081-26B8-4651-ABC9-A32914105EBA}
		{12E5B74B-9957-427C-9283-BBD45B1B890E} = {F9312081-26B8-4651-ABC9-A32914105EBA}
		{119B961F-2236-4BD2-820A-B9917D797FF3} = {A8F9D74E-7957-4D0A-BEEF-8120988D2F9D}
		{677A2C95-00B1-4793-8C6F-75719FD84BC2} = {66602303-8E1D-459C-AE59-57E1C8B6AC1A}
	EndGlobalSection
	GlobalSection(ExtensibilityGlobals) = postSolution
		SolutionGuid = {B4AC1F4A-C1FC-4A51-8AA5-82BB922D27C7}
	EndGlobalSection
EndGlobal
