
Microsoft Visual Studio Solution File, Format Version 12.00
Project("{FAE04EC0-301F-11D3-BF4B-00C04F79EFBC}") = "HbApiTester", "HbApiTester\HbApiTester.csproj", "{9C913520-16B2-4BE1-AD74-D87FAA44BD40}"
EndProject
Project("{FAE04EC0-301F-11D3-BF4B-00C04F79EFBC}") = "AlarmSender", "AlarmSender\AlarmSender.csproj", "{2E98E675-9EFD-44D4-9211-15C008EA63D7}"
EndProject
Project("{2150E333-8FDC-42A3-9474-1A3956D46DE8}") = "Scripts", "Scripts", "{AC904098-D0D6-4AB7-A35B-0D0114C080C8}"
EndProject
Project("{FAE04EC0-301F-11D3-BF4B-00C04F79EFBC}") = "Tests", "Tests\Tests.csproj", "{647BDB09-B91A-4516-A41B-C0919CD4CFCD}"
EndProject
Project("{FAE04EC0-301F-11D3-BF4B-00C04F79EFBC}") = "LogExtractor", "LogExtractor\LogExtractor.csproj", "{278C8C5C-8C73-4F13-8D26-1FE4813BCD43}"
EndProject
Global
	GlobalSection(SolutionConfigurationPlatforms) = preSolution
		Debug|Any CPU = Debug|Any CPU
		Release|Any CPU = Release|Any CPU
	EndGlobalSection
	GlobalSection(ProjectConfigurationPlatforms) = postSolution
		{9C913520-16B2-4BE1-AD74-D87FAA44BD40}.Debug|Any CPU.ActiveCfg = Debug|Any CPU
		{9C913520-16B2-4BE1-AD74-D87FAA44BD40}.Debug|Any CPU.Build.0 = Debug|Any CPU
		{9C913520-16B2-4BE1-AD74-D87FAA44BD40}.Release|Any CPU.ActiveCfg = Release|Any CPU
		{9C913520-16B2-4BE1-AD74-D87FAA44BD40}.Release|Any CPU.Build.0 = Release|Any CPU
		{2E98E675-9EFD-44D4-9211-15C008EA63D7}.Debug|Any CPU.ActiveCfg = Debug|Any CPU
		{2E98E675-9EFD-44D4-9211-15C008EA63D7}.Debug|Any CPU.Build.0 = Debug|Any CPU
		{2E98E675-9EFD-44D4-9211-15C008EA63D7}.Release|Any CPU.ActiveCfg = Release|Any CPU
		{2E98E675-9EFD-44D4-9211-15C008EA63D7}.Release|Any CPU.Build.0 = Release|Any CPU
		{647BDB09-B91A-4516-A41B-C0919CD4CFCD}.Debug|Any CPU.ActiveCfg = Debug|Any CPU
		{647BDB09-B91A-4516-A41B-C0919CD4CFCD}.Debug|Any CPU.Build.0 = Debug|Any CPU
		{647BDB09-B91A-4516-A41B-C0919CD4CFCD}.Release|Any CPU.ActiveCfg = Release|Any CPU
		{647BDB09-B91A-4516-A41B-C0919CD4CFCD}.Release|Any CPU.Build.0 = Release|Any CPU
		{278C8C5C-8C73-4F13-8D26-1FE4813BCD43}.Debug|Any CPU.ActiveCfg = Debug|Any CPU
		{278C8C5C-8C73-4F13-8D26-1FE4813BCD43}.Debug|Any CPU.Build.0 = Debug|Any CPU
		{278C8C5C-8C73-4F13-8D26-1FE4813BCD43}.Release|Any CPU.ActiveCfg = Release|Any CPU
		{278C8C5C-8C73-4F13-8D26-1FE4813BCD43}.Release|Any CPU.Build.0 = Release|Any CPU
	EndGlobalSection
EndGlobal
